
Microsoft Visual Studio Solution File, Format Version 12.00
# Visual Studio Version 17
VisualStudioVersion = 17.3.32901.215
MinimumVisualStudioVersion = 10.0.40219.1
Project("{FAE04EC0-301F-11D3-BF4B-00C04F79EFBC}") = "TiendaDeportiva", "TiendaDeportiva\TiendaDeportiva.csproj", "{177E4FFC-1BED-4C73-8351-3A982A81D248}"
EndProject
Global
	GlobalSection(SolutionConfigurationPlatforms) = preSolution
		Debug|Any CPU = Debug|Any CPU
		Release|Any CPU = Release|Any CPU
	EndGlobalSection
	GlobalSection(ProjectConfigurationPlatforms) = postSolution
		{177E4FFC-1BED-4C73-8351-3A982A81D248}.Debug|Any CPU.ActiveCfg = Debug|Any CPU
		{177E4FFC-1BED-4C73-8351-3A982A81D248}.Debug|Any CPU.Build.0 = Debug|Any CPU
		{177E4FFC-1BED-4C73-8351-3A982A81D248}.Release|Any CPU.ActiveCfg = Release|Any CPU
		{177E4FFC-1BED-4C73-8351-3A982A81D248}.Release|Any CPU.Build.0 = Release|Any CPU
	EndGlobalSection
	GlobalSection(SolutionProperties) = preSolution
		HideSolutionNode = FALSE
	EndGlobalSection
	GlobalSection(ExtensibilityGlobals) = postSolution
		SolutionGuid = {D60989E8-80CF-4B9B-8966-9EC51CADE761}
	EndGlobalSection
EndGlobal
